
Microsoft Visual Studio Solution File, Format Version 12.00
# Visual Studio 15
VisualStudioVersion = 15.0.28010.2016
MinimumVisualStudioVersion = 10.0.40219.1
Project("{FAE04EC0-301F-11D3-BF4B-00C04F79EFBC}") = "DocumentMerger2", "DocumentMerger2\DocumentMerger2.csproj", "{8216AD44-D89D-4BD8-A069-3E3A5DD84F08}"
EndProject
Global
	GlobalSection(SolutionConfigurationPlatforms) = preSolution
		Debug|Any CPU = Debug|Any CPU
		Release|Any CPU = Release|Any CPU
	EndGlobalSection
	GlobalSection(ProjectConfigurationPlatforms) = postSolution
		{8216AD44-D89D-4BD8-A069-3E3A5DD84F08}.Debug|Any CPU.ActiveCfg = Debug|Any CPU
		{8216AD44-D89D-4BD8-A069-3E3A5DD84F08}.Debug|Any CPU.Build.0 = Debug|Any CPU
		{8216AD44-D89D-4BD8-A069-3E3A5DD84F08}.Release|Any CPU.ActiveCfg = Release|Any CPU
		{8216AD44-D89D-4BD8-A069-3E3A5DD84F08}.Release|Any CPU.Build.0 = Release|Any CPU
	EndGlobalSection
	GlobalSection(SolutionProperties) = preSolution
		HideSolutionNode = FALSE
	EndGlobalSection
	GlobalSection(ExtensibilityGlobals) = postSolution
		SolutionGuid = {763DB8C6-D109-4427-AAFA-A4C5C0B225AA}
	EndGlobalSection
EndGlobal
